
Microsoft Visual Studio Solution File, Format Version 12.00
# Visual Studio Version 16
VisualStudioVersion = 16.0.31605.320
MinimumVisualStudioVersion = 10.0.40219.1
Project("{9A19103F-16F7-4668-BE54-9A1E7A4F7556}") = "Task", "Task\Task.csproj", "{E777A547-0FEE-4439-A1C2-8E2480DFA445}"
EndProject
Project("{9A19103F-16F7-4668-BE54-9A1E7A4F7556}") = "Task2", "Task1\Task2.csproj", "{8708DBEF-3A31-4E9A-A787-C7D6A253108B}"
EndProject
Project("{9A19103F-16F7-4668-BE54-9A1E7A4F7556}") = "Task3", "Task3\Task3.csproj", "{CC283E90-25B0-4356-AEE8-90D5477A02B0}"
EndProject
Project("{9A19103F-16F7-4668-BE54-9A1E7A4F7556}") = "Task4", "Task4\Task4.csproj", "{7C746833-0EA8-42C2-B45F-116B422D82CE}"
EndProject
Project("{9A19103F-16F7-4668-BE54-9A1E7A4F7556}") = "Task5", "Task5\Task5.csproj", "{4507175E-8C96-4910-85BA-E14B64131E3A}"
EndProject
Project("{9A19103F-16F7-4668-BE54-9A1E7A4F7556}") = "Task6", "Task6\Task6.csproj", "{30584521-A5F6-4340-A7D3-A39ABE63D847}"
EndProject
Project("{9A19103F-16F7-4668-BE54-9A1E7A4F7556}") = "Task7", "Task7\Task7.csproj", "{37B02A0A-4954-4064-946E-88AF6910E199}"
EndProject
Project("{9A19103F-16F7-4668-BE54-9A1E7A4F7556}") = "Task8", "Task8\Task8.csproj", "{7AB17CC2-C9C8-46E4-9818-E7573405937A}"
EndProject
Project("{9A19103F-16F7-4668-BE54-9A1E7A4F7556}") = "Task9", "Task9\Task9.csproj", "{A4767ED3-4A14-49B9-86DD-F08D4CC05B94}"
EndProject
Project("{9A19103F-16F7-4668-BE54-9A1E7A4F7556}") = "Task10", "Task10\Task10.csproj", "{8EBFC73E-8882-43FC-9037-AD82EB04D339}"
EndProject
Project("{9A19103F-16F7-4668-BE54-9A1E7A4F7556}") = "Task1", "Task11\Task1.csproj", "{29FD601C-5A5A-4AE1-A37B-CED326F2646B}"
EndProject
Project("{9A19103F-16F7-4668-BE54-9A1E7A4F7556}") = "Task2", "Task12\Task2.csproj", "{99D3AFE0-8391-4983-9B77-E130FBFBDBC6}"
EndProject
Project("{9A19103F-16F7-4668-BE54-9A1E7A4F7556}") = "Task3", "Task13\Task3.csproj", "{E5576C89-11B0-45F0-9E2A-CA3216824D03}"
EndProject
Project("{9A19103F-16F7-4668-BE54-9A1E7A4F7556}") = "Task4", "Task14\Task4.csproj", "{1D3DC6ED-366F-4EAD-BCC8-ED66B85ABAC7}"
EndProject
Project("{9A19103F-16F7-4668-BE54-9A1E7A4F7556}") = "Task5", "Task15\Task5.csproj", "{5665D146-28B1-49EF-A606-1738FE132C00}"
EndProject
Project("{9A19103F-16F7-4668-BE54-9A1E7A4F7556}") = "Task6", "Task16\Task6.csproj", "{24E3B936-1516-4214-AFE8-CD338764FD79}"
EndProject
Project("{9A19103F-16F7-4668-BE54-9A1E7A4F7556}") = "Task8", "Task17\Task8.csproj", "{91E8CCB9-D461-4947-B83D-B805A6C93148}"
EndProject
Project("{9A19103F-16F7-4668-BE54-9A1E7A4F7556}") = "Task9", "Task19\Task9.csproj", "{DFCF1DE1-EFD9-480E-9EF5-BE3F78F51CA0}"
EndProject
Project("{9A19103F-16F7-4668-BE54-9A1E7A4F7556}") = "Task10", "Task20\Task10.csproj", "{D9C08B06-9FAC-412D-879A-C7B35C959B25}"
EndProject
Project("{9A19103F-16F7-4668-BE54-9A1E7A4F7556}") = "Task11", "Task21\Task11.csproj", "{E91127B6-CDBB-4B8F-A070-F2F87662CF5E}"
EndProject
Project("{9A19103F-16F7-4668-BE54-9A1E7A4F7556}") = "Task12", "Task22\Task12.csproj", "{B84CA5FB-6CBC-4D61-83E5-246AC6EE4149}"
EndProject
Project("{2150E333-8FDC-42A3-9474-1A3956D46DE8}") = "classroom task", "classroom task", "{D25CE460-453C-4A7A-BFBD-FA39DEAFE098}"
EndProject
Project("{2150E333-8FDC-42A3-9474-1A3956D46DE8}") = "other task", "other task", "{A8BE9106-3422-43DE-98E6-E63CC4E76555}"
EndProject
Project("{2150E333-8FDC-42A3-9474-1A3956D46DE8}") = "S1. Простейшие программы. Арифметические выражения", "S1. Простейшие программы. Арифметические выражения", "{0CB1489F-A8D3-45A5-A1CA-CA2CDBBCBE17}"
EndProject
Project("{9A19103F-16F7-4668-BE54-9A1E7A4F7556}") = "S1.1.", "S1.1\S1.1..csproj", "{A7734ABD-FA9F-484B-B825-0D6F30D6F504}"
EndProject
Project("{2150E333-8FDC-42A3-9474-1A3956D46DE8}") = "16.10 Условный оператор", "16.10 Условный оператор", "{033F6056-B0EA-4E27-B216-06B502FCA586}"
EndProject
Project("{2150E333-8FDC-42A3-9474-1A3956D46DE8}") = "02.10", "02.10", "{70C40DBA-9947-4D94-9B3F-9551906CD6D5}"
EndProject
Project("{9A19103F-16F7-4668-BE54-9A1E7A4F7556}") = "S1.2.", "S1.2\S1.2..csproj", "{BF573242-1AC5-40FC-A3ED-610505615F0E}"
EndProject
Project("{9A19103F-16F7-4668-BE54-9A1E7A4F7556}") = "S1.3.", "S1.3\S1.3..csproj", "{FD9F5EB8-52E9-4EB8-BDEC-26CF4A73F5E3}"
EndProject
Project("{9A19103F-16F7-4668-BE54-9A1E7A4F7556}") = "S1.4.", "S1.4\S1.4..csproj", "{A8FE5EFA-D520-41A6-8914-4945D06E541B}"
EndProject
Project("{9A19103F-16F7-4668-BE54-9A1E7A4F7556}") = "S1.5.", "S1.5\S1.5..csproj", "{CE63CA91-40DC-4DCC-A97E-58B2B6CE3EDF}"
EndProject
Project("{9A19103F-16F7-4668-BE54-9A1E7A4F7556}") = "S1.6.", "S1.6\S1.6..csproj", "{6A8C20CB-F4A1-48D4-8AD6-9677E3E5B91C}"
EndProject
Project("{9A19103F-16F7-4668-BE54-9A1E7A4F7556}") = "S1.7.", "S1.7\S1.7..csproj", "{7816F011-556B-42DE-9019-BE2D782E54AD}"
EndProject
Project("{9A19103F-16F7-4668-BE54-9A1E7A4F7556}") = "S1.8.", "S1.8\S1.8..csproj", "{08107F8C-DD60-4F0A-B7FC-F8C4F4986DF6}"
EndProject
Project("{9A19103F-16F7-4668-BE54-9A1E7A4F7556}") = "S1.9.", "S1.9\S1.9..csproj", "{814E3DA5-7C10-487F-AC42-925499D56CD8}"
EndProject
Project("{9A19103F-16F7-4668-BE54-9A1E7A4F7556}") = "S1.10.", "S1.10\S1.10..csproj", "{C0F8D9CA-780A-4989-BF17-AF49AAEF540E}"
EndProject
Project("{9A19103F-16F7-4668-BE54-9A1E7A4F7556}") = "S1.11.", "S1.11\S1.11..csproj", "{729C9C23-32B3-4BE5-A25C-20D39D8A0B7C}"
EndProject
Project("{9A19103F-16F7-4668-BE54-9A1E7A4F7556}") = "S1.12.", "S1.12\S1.12..csproj", "{3DFC5862-B043-416B-8861-1663F0B0D025}"
EndProject
Project("{9A19103F-16F7-4668-BE54-9A1E7A4F7556}") = "S1.13.", "S1.13\S1.13..csproj", "{26564372-A345-468E-B86D-77EF52C8D548}"
EndProject
Project("{2150E333-8FDC-42A3-9474-1A3956D46DE8}") = "S2. Вычисления по известным формулам", "S2. Вычисления по известным формулам", "{57DA8B72-4627-474A-81C8-E567AEC33A55}"
EndProject
Project("{9A19103F-16F7-4668-BE54-9A1E7A4F7556}") = "S2.1.", "S2.1\S2.1..csproj", "{A8B32E33-C7E8-4AAC-B9F1-F77B3783A471}"
EndProject
Project("{9A19103F-16F7-4668-BE54-9A1E7A4F7556}") = "S2.2.", "S2.2\S2.2..csproj", "{83C67D53-E273-4438-A59A-FE8FD9E57F2B}"
EndProject
Project("{9A19103F-16F7-4668-BE54-9A1E7A4F7556}") = "S2.3.", "S2.3\S2.3..csproj", "{DEC23EDD-9C46-44B7-B3FA-3D2BC4AD8AC0}"
EndProject
Project("{9A19103F-16F7-4668-BE54-9A1E7A4F7556}") = "S2.4.", "S2.4\S2.4..csproj", "{21855756-17A4-423B-B881-986204C93088}"
EndProject
Project("{9A19103F-16F7-4668-BE54-9A1E7A4F7556}") = "S2.5.", "S2.5\S2.5..csproj", "{8CB61A5B-9265-4FA0-BD4F-F704D927B4EB}"
EndProject
Project("{9A19103F-16F7-4668-BE54-9A1E7A4F7556}") = "S2.6.", "S2.6\S2.6..csproj", "{90363AFB-6EAB-41EA-81C0-3328DFC9466F}"
EndProject
Project("{2150E333-8FDC-42A3-9474-1A3956D46DE8}") = "30.10 Цикл", "30.10 Цикл", "{B777019F-F711-44A2-AABC-C905E012CD11}"
EndProject
Project("{9A19103F-16F7-4668-BE54-9A1E7A4F7556}") = "CycleTask1", "CycleTask1\CycleTask1.csproj", "{D4F3FC79-CE5E-4234-A16E-91FF9D34A8B2}"
EndProject
Project("{9A19103F-16F7-4668-BE54-9A1E7A4F7556}") = "CycleTask2", "CycleTask2\CycleTask2.csproj", "{21EDB0E2-AE43-49EB-B39E-F40439383FB9}"
EndProject
Project("{9A19103F-16F7-4668-BE54-9A1E7A4F7556}") = "CycleTask3", "CycleTask3\CycleTask3.csproj", "{5F5E1D63-A3EE-4F6A-9772-D2F998831001}"
EndProject
Project("{9A19103F-16F7-4668-BE54-9A1E7A4F7556}") = "CycleTask4", "CycleTask4\CycleTask4.csproj", "{07DDE0FC-5B14-4E34-8787-E295602DF7F9}"
EndProject
Project("{9A19103F-16F7-4668-BE54-9A1E7A4F7556}") = "CycleTask5", "CycleTask5\CycleTask5.csproj", "{23339868-38B6-41D9-BC3A-85FA37D27FAA}"
EndProject
Project("{9A19103F-16F7-4668-BE54-9A1E7A4F7556}") = "CycleTask6", "CycleTask6\CycleTask6.csproj", "{DC5CCDEC-51A6-4E85-A42C-1E54452E2E7E}"
EndProject
Project("{9A19103F-16F7-4668-BE54-9A1E7A4F7556}") = "CycleTask7", "CycleTask7\CycleTask7.csproj", "{C9DEB59A-424B-4544-BC25-0CDCBBA7DD0F}"
EndProject
Project("{9A19103F-16F7-4668-BE54-9A1E7A4F7556}") = "CycleTask8", "CycleTask8\CycleTask8.csproj", "{8F92DCD1-1DA6-4BA2-A055-E8B68275B010}"
EndProject
Project("{9A19103F-16F7-4668-BE54-9A1E7A4F7556}") = "CycleTask9", "CycleTask9\CycleTask9.csproj", "{838D07AC-96AE-46BA-9102-E3BDBAA25AAB}"
EndProject
Project("{9A19103F-16F7-4668-BE54-9A1E7A4F7556}") = "CycleTask10", "CycleTask10\CycleTask10.csproj", "{36BD68CD-746C-4C5F-8AA9-B9CAD14D8A74}"
EndProject
Project("{9A19103F-16F7-4668-BE54-9A1E7A4F7556}") = "CycleTask11", "CycleTask11\CycleTask11.csproj", "{B9527B5D-312A-42FB-88D0-C9A310DE3EE9}"
EndProject
Project("{9A19103F-16F7-4668-BE54-9A1E7A4F7556}") = "CycleTask12", "CycleTask12\CycleTask12.csproj", "{DC32AE8C-A6CF-43E7-AE33-DDEC38C3A6A1}"
EndProject
Project("{9A19103F-16F7-4668-BE54-9A1E7A4F7556}") = "CycleTask13", "CycleTask13\CycleTask13.csproj", "{C416076C-E127-4B63-8800-B63577A49160}"
EndProject
Project("{2150E333-8FDC-42A3-9474-1A3956D46DE8}") = "13.11 Цикл", "13.11 Цикл", "{1021EA4C-F70A-48C7-A407-F6850959C5DF}"
EndProject
Project("{9A19103F-16F7-4668-BE54-9A1E7A4F7556}") = "CycleTask14", "CycleTask14\CycleTask14.csproj", "{80A91D13-5579-4C3D-B6C8-A7547420C019}"
EndProject
Project("{9A19103F-16F7-4668-BE54-9A1E7A4F7556}") = "CycleTask15", "CycleTask15\CycleTask15.csproj", "{6DCEF86C-C820-47A4-857A-CECD3F91589C}"
EndProject
Project("{9A19103F-16F7-4668-BE54-9A1E7A4F7556}") = "CyckeTask16", "CyckeTask16\CyckeTask16.csproj", "{7DC36AB4-7EE9-4AB5-BD32-144E6C76B7BA}"
EndProject
Project("{9A19103F-16F7-4668-BE54-9A1E7A4F7556}") = "CycleTask17", "CycleTask17\CycleTask17.csproj", "{2242FB0E-C9FC-4CC9-8643-ABA674CC5D47}"
EndProject
Project("{9A19103F-16F7-4668-BE54-9A1E7A4F7556}") = "CycleTask18", "CycleTask18\CycleTask18.csproj", "{4CFEA77D-9CDF-43B1-84EA-4AF5E4CFF284}"
EndProject
Project("{9A19103F-16F7-4668-BE54-9A1E7A4F7556}") = "CycleTask19", "CycleTask19\CycleTask19.csproj", "{3786ABC4-9135-4AFC-955A-84D01D4593C9}"
EndProject
Project("{9A19103F-16F7-4668-BE54-9A1E7A4F7556}") = "CycleTask20", "CycleTask20\CycleTask20.csproj", "{011D7670-DB65-4C7E-B15A-C11836A5608F}"
EndProject
Project("{9A19103F-16F7-4668-BE54-9A1E7A4F7556}") = "CycleTask21", "CycleTask21\CycleTask21.csproj", "{B5DBE966-0A3F-4C17-A0B7-79CFF2CB41D3}"
EndProject
Project("{9A19103F-16F7-4668-BE54-9A1E7A4F7556}") = "CycleTask22", "CycleTask22\CycleTask22.csproj", "{9A4216B2-9DCC-4C54-AD2A-955EB2478DD4}"
EndProject
Project("{9A19103F-16F7-4668-BE54-9A1E7A4F7556}") = "CycleTask23", "CycleTask23\CycleTask23.csproj", "{4E3297DD-2339-49BC-AC33-8C1F3AC776F4}"
EndProject
Project("{9A19103F-16F7-4668-BE54-9A1E7A4F7556}") = "CycleTask24", "CycleTask24\CycleTask24.csproj", "{CCA8FA73-4D4E-424C-A648-81ED918E4B53}"
EndProject
Project("{9A19103F-16F7-4668-BE54-9A1E7A4F7556}") = "CycleTask25", "CycleTask25\CycleTask25.csproj", "{71991F71-F0E9-4A90-8AB3-456450B8F2A5}"
EndProject
Project("{9A19103F-16F7-4668-BE54-9A1E7A4F7556}") = "CycleTask28", "CycleTask28\CycleTask28.csproj", "{80B6098A-0463-40B6-AD2F-F77928082B80}"
EndProject
Project("{9A19103F-16F7-4668-BE54-9A1E7A4F7556}") = "CycleTask26", "CycleTask26\CycleTask26.csproj", "{0ADF2C99-3AA1-4FC3-91B0-E24E1A1CA635}"
EndProject
Project("{FAE04EC0-301F-11D3-BF4B-00C04F79EFBC}") = "CycleTask29", "CycleTask29\CycleTask29.csproj", "{1BE19167-A9AC-4552-904C-EBEDD45DF2E2}"
EndProject
Global
	GlobalSection(SolutionConfigurationPlatforms) = preSolution
		Debug|Any CPU = Debug|Any CPU
		Release|Any CPU = Release|Any CPU
	EndGlobalSection
	GlobalSection(ProjectConfigurationPlatforms) = postSolution
		{E777A547-0FEE-4439-A1C2-8E2480DFA445}.Debug|Any CPU.ActiveCfg = Debug|Any CPU
		{E777A547-0FEE-4439-A1C2-8E2480DFA445}.Debug|Any CPU.Build.0 = Debug|Any CPU
		{E777A547-0FEE-4439-A1C2-8E2480DFA445}.Release|Any CPU.ActiveCfg = Release|Any CPU
		{E777A547-0FEE-4439-A1C2-8E2480DFA445}.Release|Any CPU.Build.0 = Release|Any CPU
		{8708DBEF-3A31-4E9A-A787-C7D6A253108B}.Debug|Any CPU.ActiveCfg = Debug|Any CPU
		{8708DBEF-3A31-4E9A-A787-C7D6A253108B}.Debug|Any CPU.Build.0 = Debug|Any CPU
		{8708DBEF-3A31-4E9A-A787-C7D6A253108B}.Release|Any CPU.ActiveCfg = Release|Any CPU
		{8708DBEF-3A31-4E9A-A787-C7D6A253108B}.Release|Any CPU.Build.0 = Release|Any CPU
		{CC283E90-25B0-4356-AEE8-90D5477A02B0}.Debug|Any CPU.ActiveCfg = Debug|Any CPU
		{CC283E90-25B0-4356-AEE8-90D5477A02B0}.Debug|Any CPU.Build.0 = Debug|Any CPU
		{CC283E90-25B0-4356-AEE8-90D5477A02B0}.Release|Any CPU.ActiveCfg = Release|Any CPU
		{CC283E90-25B0-4356-AEE8-90D5477A02B0}.Release|Any CPU.Build.0 = Release|Any CPU
		{7C746833-0EA8-42C2-B45F-116B422D82CE}.Debug|Any CPU.ActiveCfg = Debug|Any CPU
		{7C746833-0EA8-42C2-B45F-116B422D82CE}.Debug|Any CPU.Build.0 = Debug|Any CPU
		{7C746833-0EA8-42C2-B45F-116B422D82CE}.Release|Any CPU.ActiveCfg = Release|Any CPU
		{7C746833-0EA8-42C2-B45F-116B422D82CE}.Release|Any CPU.Build.0 = Release|Any CPU
		{4507175E-8C96-4910-85BA-E14B64131E3A}.Debug|Any CPU.ActiveCfg = Debug|Any CPU
		{4507175E-8C96-4910-85BA-E14B64131E3A}.Debug|Any CPU.Build.0 = Debug|Any CPU
		{4507175E-8C96-4910-85BA-E14B64131E3A}.Release|Any CPU.ActiveCfg = Release|Any CPU
		{4507175E-8C96-4910-85BA-E14B64131E3A}.Release|Any CPU.Build.0 = Release|Any CPU
		{30584521-A5F6-4340-A7D3-A39ABE63D847}.Debug|Any CPU.ActiveCfg = Debug|Any CPU
		{30584521-A5F6-4340-A7D3-A39ABE63D847}.Debug|Any CPU.Build.0 = Debug|Any CPU
		{30584521-A5F6-4340-A7D3-A39ABE63D847}.Release|Any CPU.ActiveCfg = Release|Any CPU
		{30584521-A5F6-4340-A7D3-A39ABE63D847}.Release|Any CPU.Build.0 = Release|Any CPU
		{37B02A0A-4954-4064-946E-88AF6910E199}.Debug|Any CPU.ActiveCfg = Debug|Any CPU
		{37B02A0A-4954-4064-946E-88AF6910E199}.Debug|Any CPU.Build.0 = Debug|Any CPU
		{37B02A0A-4954-4064-946E-88AF6910E199}.Release|Any CPU.ActiveCfg = Release|Any CPU
		{37B02A0A-4954-4064-946E-88AF6910E199}.Release|Any CPU.Build.0 = Release|Any CPU
		{7AB17CC2-C9C8-46E4-9818-E7573405937A}.Debug|Any CPU.ActiveCfg = Debug|Any CPU
		{7AB17CC2-C9C8-46E4-9818-E7573405937A}.Debug|Any CPU.Build.0 = Debug|Any CPU
		{7AB17CC2-C9C8-46E4-9818-E7573405937A}.Release|Any CPU.ActiveCfg = Release|Any CPU
		{7AB17CC2-C9C8-46E4-9818-E7573405937A}.Release|Any CPU.Build.0 = Release|Any CPU
		{A4767ED3-4A14-49B9-86DD-F08D4CC05B94}.Debug|Any CPU.ActiveCfg = Debug|Any CPU
		{A4767ED3-4A14-49B9-86DD-F08D4CC05B94}.Debug|Any CPU.Build.0 = Debug|Any CPU
		{A4767ED3-4A14-49B9-86DD-F08D4CC05B94}.Release|Any CPU.ActiveCfg = Release|Any CPU
		{A4767ED3-4A14-49B9-86DD-F08D4CC05B94}.Release|Any CPU.Build.0 = Release|Any CPU
		{8EBFC73E-8882-43FC-9037-AD82EB04D339}.Debug|Any CPU.ActiveCfg = Debug|Any CPU
		{8EBFC73E-8882-43FC-9037-AD82EB04D339}.Debug|Any CPU.Build.0 = Debug|Any CPU
		{8EBFC73E-8882-43FC-9037-AD82EB04D339}.Release|Any CPU.ActiveCfg = Release|Any CPU
		{8EBFC73E-8882-43FC-9037-AD82EB04D339}.Release|Any CPU.Build.0 = Release|Any CPU
		{29FD601C-5A5A-4AE1-A37B-CED326F2646B}.Debug|Any CPU.ActiveCfg = Debug|Any CPU
		{29FD601C-5A5A-4AE1-A37B-CED326F2646B}.Debug|Any CPU.Build.0 = Debug|Any CPU
		{29FD601C-5A5A-4AE1-A37B-CED326F2646B}.Release|Any CPU.ActiveCfg = Release|Any CPU
		{29FD601C-5A5A-4AE1-A37B-CED326F2646B}.Release|Any CPU.Build.0 = Release|Any CPU
		{99D3AFE0-8391-4983-9B77-E130FBFBDBC6}.Debug|Any CPU.ActiveCfg = Debug|Any CPU
		{99D3AFE0-8391-4983-9B77-E130FBFBDBC6}.Debug|Any CPU.Build.0 = Debug|Any CPU
		{99D3AFE0-8391-4983-9B77-E130FBFBDBC6}.Release|Any CPU.ActiveCfg = Release|Any CPU
		{99D3AFE0-8391-4983-9B77-E130FBFBDBC6}.Release|Any CPU.Build.0 = Release|Any CPU
		{E5576C89-11B0-45F0-9E2A-CA3216824D03}.Debug|Any CPU.ActiveCfg = Debug|Any CPU
		{E5576C89-11B0-45F0-9E2A-CA3216824D03}.Debug|Any CPU.Build.0 = Debug|Any CPU
		{E5576C89-11B0-45F0-9E2A-CA3216824D03}.Release|Any CPU.ActiveCfg = Release|Any CPU
		{E5576C89-11B0-45F0-9E2A-CA3216824D03}.Release|Any CPU.Build.0 = Release|Any CPU
		{1D3DC6ED-366F-4EAD-BCC8-ED66B85ABAC7}.Debug|Any CPU.ActiveCfg = Debug|Any CPU
		{1D3DC6ED-366F-4EAD-BCC8-ED66B85ABAC7}.Debug|Any CPU.Build.0 = Debug|Any CPU
		{1D3DC6ED-366F-4EAD-BCC8-ED66B85ABAC7}.Release|Any CPU.ActiveCfg = Release|Any CPU
		{1D3DC6ED-366F-4EAD-BCC8-ED66B85ABAC7}.Release|Any CPU.Build.0 = Release|Any CPU
		{5665D146-28B1-49EF-A606-1738FE132C00}.Debug|Any CPU.ActiveCfg = Debug|Any CPU
		{5665D146-28B1-49EF-A606-1738FE132C00}.Debug|Any CPU.Build.0 = Debug|Any CPU
		{5665D146-28B1-49EF-A606-1738FE132C00}.Release|Any CPU.ActiveCfg = Release|Any CPU
		{5665D146-28B1-49EF-A606-1738FE132C00}.Release|Any CPU.Build.0 = Release|Any CPU
		{24E3B936-1516-4214-AFE8-CD338764FD79}.Debug|Any CPU.ActiveCfg = Debug|Any CPU
		{24E3B936-1516-4214-AFE8-CD338764FD79}.Debug|Any CPU.Build.0 = Debug|Any CPU
		{24E3B936-1516-4214-AFE8-CD338764FD79}.Release|Any CPU.ActiveCfg = Release|Any CPU
		{24E3B936-1516-4214-AFE8-CD338764FD79}.Release|Any CPU.Build.0 = Release|Any CPU
		{91E8CCB9-D461-4947-B83D-B805A6C93148}.Debug|Any CPU.ActiveCfg = Debug|Any CPU
		{91E8CCB9-D461-4947-B83D-B805A6C93148}.Debug|Any CPU.Build.0 = Debug|Any CPU
		{91E8CCB9-D461-4947-B83D-B805A6C93148}.Release|Any CPU.ActiveCfg = Release|Any CPU
		{91E8CCB9-D461-4947-B83D-B805A6C93148}.Release|Any CPU.Build.0 = Release|Any CPU
		{DFCF1DE1-EFD9-480E-9EF5-BE3F78F51CA0}.Debug|Any CPU.ActiveCfg = Debug|Any CPU
		{DFCF1DE1-EFD9-480E-9EF5-BE3F78F51CA0}.Debug|Any CPU.Build.0 = Debug|Any CPU
		{DFCF1DE1-EFD9-480E-9EF5-BE3F78F51CA0}.Release|Any CPU.ActiveCfg = Release|Any CPU
		{DFCF1DE1-EFD9-480E-9EF5-BE3F78F51CA0}.Release|Any CPU.Build.0 = Release|Any CPU
		{D9C08B06-9FAC-412D-879A-C7B35C959B25}.Debug|Any CPU.ActiveCfg = Debug|Any CPU
		{D9C08B06-9FAC-412D-879A-C7B35C959B25}.Debug|Any CPU.Build.0 = Debug|Any CPU
		{D9C08B06-9FAC-412D-879A-C7B35C959B25}.Release|Any CPU.ActiveCfg = Release|Any CPU
		{D9C08B06-9FAC-412D-879A-C7B35C959B25}.Release|Any CPU.Build.0 = Release|Any CPU
		{E91127B6-CDBB-4B8F-A070-F2F87662CF5E}.Debug|Any CPU.ActiveCfg = Debug|Any CPU
		{E91127B6-CDBB-4B8F-A070-F2F87662CF5E}.Debug|Any CPU.Build.0 = Debug|Any CPU
		{E91127B6-CDBB-4B8F-A070-F2F87662CF5E}.Release|Any CPU.ActiveCfg = Release|Any CPU
		{E91127B6-CDBB-4B8F-A070-F2F87662CF5E}.Release|Any CPU.Build.0 = Release|Any CPU
		{B84CA5FB-6CBC-4D61-83E5-246AC6EE4149}.Debug|Any CPU.ActiveCfg = Debug|Any CPU
		{B84CA5FB-6CBC-4D61-83E5-246AC6EE4149}.Debug|Any CPU.Build.0 = Debug|Any CPU
		{B84CA5FB-6CBC-4D61-83E5-246AC6EE4149}.Release|Any CPU.ActiveCfg = Release|Any CPU
		{B84CA5FB-6CBC-4D61-83E5-246AC6EE4149}.Release|Any CPU.Build.0 = Release|Any CPU
		{A7734ABD-FA9F-484B-B825-0D6F30D6F504}.Debug|Any CPU.ActiveCfg = Debug|Any CPU
		{A7734ABD-FA9F-484B-B825-0D6F30D6F504}.Debug|Any CPU.Build.0 = Debug|Any CPU
		{A7734ABD-FA9F-484B-B825-0D6F30D6F504}.Release|Any CPU.ActiveCfg = Release|Any CPU
		{A7734ABD-FA9F-484B-B825-0D6F30D6F504}.Release|Any CPU.Build.0 = Release|Any CPU
		{BF573242-1AC5-40FC-A3ED-610505615F0E}.Debug|Any CPU.ActiveCfg = Debug|Any CPU
		{BF573242-1AC5-40FC-A3ED-610505615F0E}.Debug|Any CPU.Build.0 = Debug|Any CPU
		{BF573242-1AC5-40FC-A3ED-610505615F0E}.Release|Any CPU.ActiveCfg = Release|Any CPU
		{BF573242-1AC5-40FC-A3ED-610505615F0E}.Release|Any CPU.Build.0 = Release|Any CPU
		{FD9F5EB8-52E9-4EB8-BDEC-26CF4A73F5E3}.Debug|Any CPU.ActiveCfg = Debug|Any CPU
		{FD9F5EB8-52E9-4EB8-BDEC-26CF4A73F5E3}.Debug|Any CPU.Build.0 = Debug|Any CPU
		{FD9F5EB8-52E9-4EB8-BDEC-26CF4A73F5E3}.Release|Any CPU.ActiveCfg = Release|Any CPU
		{FD9F5EB8-52E9-4EB8-BDEC-26CF4A73F5E3}.Release|Any CPU.Build.0 = Release|Any CPU
		{A8FE5EFA-D520-41A6-8914-4945D06E541B}.Debug|Any CPU.ActiveCfg = Debug|Any CPU
		{A8FE5EFA-D520-41A6-8914-4945D06E541B}.Debug|Any CPU.Build.0 = Debug|Any CPU
		{A8FE5EFA-D520-41A6-8914-4945D06E541B}.Release|Any CPU.ActiveCfg = Release|Any CPU
		{A8FE5EFA-D520-41A6-8914-4945D06E541B}.Release|Any CPU.Build.0 = Release|Any CPU
		{CE63CA91-40DC-4DCC-A97E-58B2B6CE3EDF}.Debug|Any CPU.ActiveCfg = Debug|Any CPU
		{CE63CA91-40DC-4DCC-A97E-58B2B6CE3EDF}.Debug|Any CPU.Build.0 = Debug|Any CPU
		{CE63CA91-40DC-4DCC-A97E-58B2B6CE3EDF}.Release|Any CPU.ActiveCfg = Release|Any CPU
		{CE63CA91-40DC-4DCC-A97E-58B2B6CE3EDF}.Release|Any CPU.Build.0 = Release|Any CPU
		{6A8C20CB-F4A1-48D4-8AD6-9677E3E5B91C}.Debug|Any CPU.ActiveCfg = Debug|Any CPU
		{6A8C20CB-F4A1-48D4-8AD6-9677E3E5B91C}.Debug|Any CPU.Build.0 = Debug|Any CPU
		{6A8C20CB-F4A1-48D4-8AD6-9677E3E5B91C}.Release|Any CPU.ActiveCfg = Release|Any CPU
		{6A8C20CB-F4A1-48D4-8AD6-9677E3E5B91C}.Release|Any CPU.Build.0 = Release|Any CPU
		{7816F011-556B-42DE-9019-BE2D782E54AD}.Debug|Any CPU.ActiveCfg = Debug|Any CPU
		{7816F011-556B-42DE-9019-BE2D782E54AD}.Debug|Any CPU.Build.0 = Debug|Any CPU
		{7816F011-556B-42DE-9019-BE2D782E54AD}.Release|Any CPU.ActiveCfg = Release|Any CPU
		{7816F011-556B-42DE-9019-BE2D782E54AD}.Release|Any CPU.Build.0 = Release|Any CPU
		{08107F8C-DD60-4F0A-B7FC-F8C4F4986DF6}.Debug|Any CPU.ActiveCfg = Debug|Any CPU
		{08107F8C-DD60-4F0A-B7FC-F8C4F4986DF6}.Debug|Any CPU.Build.0 = Debug|Any CPU
		{08107F8C-DD60-4F0A-B7FC-F8C4F4986DF6}.Release|Any CPU.ActiveCfg = Release|Any CPU
		{08107F8C-DD60-4F0A-B7FC-F8C4F4986DF6}.Release|Any CPU.Build.0 = Release|Any CPU
		{814E3DA5-7C10-487F-AC42-925499D56CD8}.Debug|Any CPU.ActiveCfg = Debug|Any CPU
		{814E3DA5-7C10-487F-AC42-925499D56CD8}.Debug|Any CPU.Build.0 = Debug|Any CPU
		{814E3DA5-7C10-487F-AC42-925499D56CD8}.Release|Any CPU.ActiveCfg = Release|Any CPU
		{814E3DA5-7C10-487F-AC42-925499D56CD8}.Release|Any CPU.Build.0 = Release|Any CPU
		{C0F8D9CA-780A-4989-BF17-AF49AAEF540E}.Debug|Any CPU.ActiveCfg = Debug|Any CPU
		{C0F8D9CA-780A-4989-BF17-AF49AAEF540E}.Debug|Any CPU.Build.0 = Debug|Any CPU
		{C0F8D9CA-780A-4989-BF17-AF49AAEF540E}.Release|Any CPU.ActiveCfg = Release|Any CPU
		{C0F8D9CA-780A-4989-BF17-AF49AAEF540E}.Release|Any CPU.Build.0 = Release|Any CPU
		{729C9C23-32B3-4BE5-A25C-20D39D8A0B7C}.Debug|Any CPU.ActiveCfg = Debug|Any CPU
		{729C9C23-32B3-4BE5-A25C-20D39D8A0B7C}.Debug|Any CPU.Build.0 = Debug|Any CPU
		{729C9C23-32B3-4BE5-A25C-20D39D8A0B7C}.Release|Any CPU.ActiveCfg = Release|Any CPU
		{729C9C23-32B3-4BE5-A25C-20D39D8A0B7C}.Release|Any CPU.Build.0 = Release|Any CPU
		{3DFC5862-B043-416B-8861-1663F0B0D025}.Debug|Any CPU.ActiveCfg = Debug|Any CPU
		{3DFC5862-B043-416B-8861-1663F0B0D025}.Debug|Any CPU.Build.0 = Debug|Any CPU
		{3DFC5862-B043-416B-8861-1663F0B0D025}.Release|Any CPU.ActiveCfg = Release|Any CPU
		{3DFC5862-B043-416B-8861-1663F0B0D025}.Release|Any CPU.Build.0 = Release|Any CPU
		{26564372-A345-468E-B86D-77EF52C8D548}.Debug|Any CPU.ActiveCfg = Debug|Any CPU
		{26564372-A345-468E-B86D-77EF52C8D548}.Debug|Any CPU.Build.0 = Debug|Any CPU
		{26564372-A345-468E-B86D-77EF52C8D548}.Release|Any CPU.ActiveCfg = Release|Any CPU
		{26564372-A345-468E-B86D-77EF52C8D548}.Release|Any CPU.Build.0 = Release|Any CPU
		{A8B32E33-C7E8-4AAC-B9F1-F77B3783A471}.Debug|Any CPU.ActiveCfg = Debug|Any CPU
		{A8B32E33-C7E8-4AAC-B9F1-F77B3783A471}.Debug|Any CPU.Build.0 = Debug|Any CPU
		{A8B32E33-C7E8-4AAC-B9F1-F77B3783A471}.Release|Any CPU.ActiveCfg = Release|Any CPU
		{A8B32E33-C7E8-4AAC-B9F1-F77B3783A471}.Release|Any CPU.Build.0 = Release|Any CPU
		{83C67D53-E273-4438-A59A-FE8FD9E57F2B}.Debug|Any CPU.ActiveCfg = Debug|Any CPU
		{83C67D53-E273-4438-A59A-FE8FD9E57F2B}.Debug|Any CPU.Build.0 = Debug|Any CPU
		{83C67D53-E273-4438-A59A-FE8FD9E57F2B}.Release|Any CPU.ActiveCfg = Release|Any CPU
		{83C67D53-E273-4438-A59A-FE8FD9E57F2B}.Release|Any CPU.Build.0 = Release|Any CPU
		{DEC23EDD-9C46-44B7-B3FA-3D2BC4AD8AC0}.Debug|Any CPU.ActiveCfg = Debug|Any CPU
		{DEC23EDD-9C46-44B7-B3FA-3D2BC4AD8AC0}.Debug|Any CPU.Build.0 = Debug|Any CPU
		{DEC23EDD-9C46-44B7-B3FA-3D2BC4AD8AC0}.Release|Any CPU.ActiveCfg = Release|Any CPU
		{DEC23EDD-9C46-44B7-B3FA-3D2BC4AD8AC0}.Release|Any CPU.Build.0 = Release|Any CPU
		{21855756-17A4-423B-B881-986204C93088}.Debug|Any CPU.ActiveCfg = Debug|Any CPU
		{21855756-17A4-423B-B881-986204C93088}.Debug|Any CPU.Build.0 = Debug|Any CPU
		{21855756-17A4-423B-B881-986204C93088}.Release|Any CPU.ActiveCfg = Release|Any CPU
		{21855756-17A4-423B-B881-986204C93088}.Release|Any CPU.Build.0 = Release|Any CPU
		{8CB61A5B-9265-4FA0-BD4F-F704D927B4EB}.Debug|Any CPU.ActiveCfg = Debug|Any CPU
		{8CB61A5B-9265-4FA0-BD4F-F704D927B4EB}.Debug|Any CPU.Build.0 = Debug|Any CPU
		{8CB61A5B-9265-4FA0-BD4F-F704D927B4EB}.Release|Any CPU.ActiveCfg = Release|Any CPU
		{8CB61A5B-9265-4FA0-BD4F-F704D927B4EB}.Release|Any CPU.Build.0 = Release|Any CPU
		{90363AFB-6EAB-41EA-81C0-3328DFC9466F}.Debug|Any CPU.ActiveCfg = Debug|Any CPU
		{90363AFB-6EAB-41EA-81C0-3328DFC9466F}.Debug|Any CPU.Build.0 = Debug|Any CPU
		{90363AFB-6EAB-41EA-81C0-3328DFC9466F}.Release|Any CPU.ActiveCfg = Release|Any CPU
		{90363AFB-6EAB-41EA-81C0-3328DFC9466F}.Release|Any CPU.Build.0 = Release|Any CPU
		{D4F3FC79-CE5E-4234-A16E-91FF9D34A8B2}.Debug|Any CPU.ActiveCfg = Debug|Any CPU
		{D4F3FC79-CE5E-4234-A16E-91FF9D34A8B2}.Debug|Any CPU.Build.0 = Debug|Any CPU
		{D4F3FC79-CE5E-4234-A16E-91FF9D34A8B2}.Release|Any CPU.ActiveCfg = Release|Any CPU
		{D4F3FC79-CE5E-4234-A16E-91FF9D34A8B2}.Release|Any CPU.Build.0 = Release|Any CPU
		{21EDB0E2-AE43-49EB-B39E-F40439383FB9}.Debug|Any CPU.ActiveCfg = Debug|Any CPU
		{21EDB0E2-AE43-49EB-B39E-F40439383FB9}.Debug|Any CPU.Build.0 = Debug|Any CPU
		{21EDB0E2-AE43-49EB-B39E-F40439383FB9}.Release|Any CPU.ActiveCfg = Release|Any CPU
		{21EDB0E2-AE43-49EB-B39E-F40439383FB9}.Release|Any CPU.Build.0 = Release|Any CPU
		{5F5E1D63-A3EE-4F6A-9772-D2F998831001}.Debug|Any CPU.ActiveCfg = Debug|Any CPU
		{5F5E1D63-A3EE-4F6A-9772-D2F998831001}.Debug|Any CPU.Build.0 = Debug|Any CPU
		{5F5E1D63-A3EE-4F6A-9772-D2F998831001}.Release|Any CPU.ActiveCfg = Release|Any CPU
		{5F5E1D63-A3EE-4F6A-9772-D2F998831001}.Release|Any CPU.Build.0 = Release|Any CPU
		{07DDE0FC-5B14-4E34-8787-E295602DF7F9}.Debug|Any CPU.ActiveCfg = Debug|Any CPU
		{07DDE0FC-5B14-4E34-8787-E295602DF7F9}.Debug|Any CPU.Build.0 = Debug|Any CPU
		{07DDE0FC-5B14-4E34-8787-E295602DF7F9}.Release|Any CPU.ActiveCfg = Release|Any CPU
		{07DDE0FC-5B14-4E34-8787-E295602DF7F9}.Release|Any CPU.Build.0 = Release|Any CPU
		{23339868-38B6-41D9-BC3A-85FA37D27FAA}.Debug|Any CPU.ActiveCfg = Debug|Any CPU
		{23339868-38B6-41D9-BC3A-85FA37D27FAA}.Debug|Any CPU.Build.0 = Debug|Any CPU
		{23339868-38B6-41D9-BC3A-85FA37D27FAA}.Release|Any CPU.ActiveCfg = Release|Any CPU
		{23339868-38B6-41D9-BC3A-85FA37D27FAA}.Release|Any CPU.Build.0 = Release|Any CPU
		{DC5CCDEC-51A6-4E85-A42C-1E54452E2E7E}.Debug|Any CPU.ActiveCfg = Debug|Any CPU
		{DC5CCDEC-51A6-4E85-A42C-1E54452E2E7E}.Debug|Any CPU.Build.0 = Debug|Any CPU
		{DC5CCDEC-51A6-4E85-A42C-1E54452E2E7E}.Release|Any CPU.ActiveCfg = Release|Any CPU
		{DC5CCDEC-51A6-4E85-A42C-1E54452E2E7E}.Release|Any CPU.Build.0 = Release|Any CPU
		{C9DEB59A-424B-4544-BC25-0CDCBBA7DD0F}.Debug|Any CPU.ActiveCfg = Debug|Any CPU
		{C9DEB59A-424B-4544-BC25-0CDCBBA7DD0F}.Debug|Any CPU.Build.0 = Debug|Any CPU
		{C9DEB59A-424B-4544-BC25-0CDCBBA7DD0F}.Release|Any CPU.ActiveCfg = Release|Any CPU
		{C9DEB59A-424B-4544-BC25-0CDCBBA7DD0F}.Release|Any CPU.Build.0 = Release|Any CPU
		{8F92DCD1-1DA6-4BA2-A055-E8B68275B010}.Debug|Any CPU.ActiveCfg = Debug|Any CPU
		{8F92DCD1-1DA6-4BA2-A055-E8B68275B010}.Debug|Any CPU.Build.0 = Debug|Any CPU
		{8F92DCD1-1DA6-4BA2-A055-E8B68275B010}.Release|Any CPU.ActiveCfg = Release|Any CPU
		{8F92DCD1-1DA6-4BA2-A055-E8B68275B010}.Release|Any CPU.Build.0 = Release|Any CPU
		{838D07AC-96AE-46BA-9102-E3BDBAA25AAB}.Debug|Any CPU.ActiveCfg = Debug|Any CPU
		{838D07AC-96AE-46BA-9102-E3BDBAA25AAB}.Debug|Any CPU.Build.0 = Debug|Any CPU
		{838D07AC-96AE-46BA-9102-E3BDBAA25AAB}.Release|Any CPU.ActiveCfg = Release|Any CPU
		{838D07AC-96AE-46BA-9102-E3BDBAA25AAB}.Release|Any CPU.Build.0 = Release|Any CPU
		{36BD68CD-746C-4C5F-8AA9-B9CAD14D8A74}.Debug|Any CPU.ActiveCfg = Debug|Any CPU
		{36BD68CD-746C-4C5F-8AA9-B9CAD14D8A74}.Debug|Any CPU.Build.0 = Debug|Any CPU
		{36BD68CD-746C-4C5F-8AA9-B9CAD14D8A74}.Release|Any CPU.ActiveCfg = Release|Any CPU
		{36BD68CD-746C-4C5F-8AA9-B9CAD14D8A74}.Release|Any CPU.Build.0 = Release|Any CPU
		{B9527B5D-312A-42FB-88D0-C9A310DE3EE9}.Debug|Any CPU.ActiveCfg = Debug|Any CPU
		{B9527B5D-312A-42FB-88D0-C9A310DE3EE9}.Debug|Any CPU.Build.0 = Debug|Any CPU
		{B9527B5D-312A-42FB-88D0-C9A310DE3EE9}.Release|Any CPU.ActiveCfg = Release|Any CPU
		{B9527B5D-312A-42FB-88D0-C9A310DE3EE9}.Release|Any CPU.Build.0 = Release|Any CPU
		{DC32AE8C-A6CF-43E7-AE33-DDEC38C3A6A1}.Debug|Any CPU.ActiveCfg = Debug|Any CPU
		{DC32AE8C-A6CF-43E7-AE33-DDEC38C3A6A1}.Debug|Any CPU.Build.0 = Debug|Any CPU
		{DC32AE8C-A6CF-43E7-AE33-DDEC38C3A6A1}.Release|Any CPU.ActiveCfg = Release|Any CPU
		{DC32AE8C-A6CF-43E7-AE33-DDEC38C3A6A1}.Release|Any CPU.Build.0 = Release|Any CPU
		{C416076C-E127-4B63-8800-B63577A49160}.Debug|Any CPU.ActiveCfg = Debug|Any CPU
		{C416076C-E127-4B63-8800-B63577A49160}.Debug|Any CPU.Build.0 = Debug|Any CPU
		{C416076C-E127-4B63-8800-B63577A49160}.Release|Any CPU.ActiveCfg = Release|Any CPU
		{C416076C-E127-4B63-8800-B63577A49160}.Release|Any CPU.Build.0 = Release|Any CPU
		{80A91D13-5579-4C3D-B6C8-A7547420C019}.Debug|Any CPU.ActiveCfg = Debug|Any CPU
		{80A91D13-5579-4C3D-B6C8-A7547420C019}.Debug|Any CPU.Build.0 = Debug|Any CPU
		{80A91D13-5579-4C3D-B6C8-A7547420C019}.Release|Any CPU.ActiveCfg = Release|Any CPU
		{80A91D13-5579-4C3D-B6C8-A7547420C019}.Release|Any CPU.Build.0 = Release|Any CPU
		{6DCEF86C-C820-47A4-857A-CECD3F91589C}.Debug|Any CPU.ActiveCfg = Debug|Any CPU
		{6DCEF86C-C820-47A4-857A-CECD3F91589C}.Debug|Any CPU.Build.0 = Debug|Any CPU
		{6DCEF86C-C820-47A4-857A-CECD3F91589C}.Release|Any CPU.ActiveCfg = Release|Any CPU
		{6DCEF86C-C820-47A4-857A-CECD3F91589C}.Release|Any CPU.Build.0 = Release|Any CPU
		{7DC36AB4-7EE9-4AB5-BD32-144E6C76B7BA}.Debug|Any CPU.ActiveCfg = Debug|Any CPU
		{7DC36AB4-7EE9-4AB5-BD32-144E6C76B7BA}.Debug|Any CPU.Build.0 = Debug|Any CPU
		{7DC36AB4-7EE9-4AB5-BD32-144E6C76B7BA}.Release|Any CPU.ActiveCfg = Release|Any CPU
		{7DC36AB4-7EE9-4AB5-BD32-144E6C76B7BA}.Release|Any CPU.Build.0 = Release|Any CPU
		{2242FB0E-C9FC-4CC9-8643-ABA674CC5D47}.Debug|Any CPU.ActiveCfg = Debug|Any CPU
		{2242FB0E-C9FC-4CC9-8643-ABA674CC5D47}.Debug|Any CPU.Build.0 = Debug|Any CPU
		{2242FB0E-C9FC-4CC9-8643-ABA674CC5D47}.Release|Any CPU.ActiveCfg = Release|Any CPU
		{2242FB0E-C9FC-4CC9-8643-ABA674CC5D47}.Release|Any CPU.Build.0 = Release|Any CPU
		{4CFEA77D-9CDF-43B1-84EA-4AF5E4CFF284}.Debug|Any CPU.ActiveCfg = Debug|Any CPU
		{4CFEA77D-9CDF-43B1-84EA-4AF5E4CFF284}.Debug|Any CPU.Build.0 = Debug|Any CPU
		{4CFEA77D-9CDF-43B1-84EA-4AF5E4CFF284}.Release|Any CPU.ActiveCfg = Release|Any CPU
		{4CFEA77D-9CDF-43B1-84EA-4AF5E4CFF284}.Release|Any CPU.Build.0 = Release|Any CPU
		{3786ABC4-9135-4AFC-955A-84D01D4593C9}.Debug|Any CPU.ActiveCfg = Debug|Any CPU
		{3786ABC4-9135-4AFC-955A-84D01D4593C9}.Debug|Any CPU.Build.0 = Debug|Any CPU
		{3786ABC4-9135-4AFC-955A-84D01D4593C9}.Release|Any CPU.ActiveCfg = Release|Any CPU
		{3786ABC4-9135-4AFC-955A-84D01D4593C9}.Release|Any CPU.Build.0 = Release|Any CPU
		{011D7670-DB65-4C7E-B15A-C11836A5608F}.Debug|Any CPU.ActiveCfg = Debug|Any CPU
		{011D7670-DB65-4C7E-B15A-C11836A5608F}.Debug|Any CPU.Build.0 = Debug|Any CPU
		{011D7670-DB65-4C7E-B15A-C11836A5608F}.Release|Any CPU.ActiveCfg = Release|Any CPU
		{011D7670-DB65-4C7E-B15A-C11836A5608F}.Release|Any CPU.Build.0 = Release|Any CPU
		{B5DBE966-0A3F-4C17-A0B7-79CFF2CB41D3}.Debug|Any CPU.ActiveCfg = Debug|Any CPU
		{B5DBE966-0A3F-4C17-A0B7-79CFF2CB41D3}.Debug|Any CPU.Build.0 = Debug|Any CPU
		{B5DBE966-0A3F-4C17-A0B7-79CFF2CB41D3}.Release|Any CPU.ActiveCfg = Release|Any CPU
		{B5DBE966-0A3F-4C17-A0B7-79CFF2CB41D3}.Release|Any CPU.Build.0 = Release|Any CPU
		{9A4216B2-9DCC-4C54-AD2A-955EB2478DD4}.Debug|Any CPU.ActiveCfg = Debug|Any CPU
		{9A4216B2-9DCC-4C54-AD2A-955EB2478DD4}.Debug|Any CPU.Build.0 = Debug|Any CPU
		{9A4216B2-9DCC-4C54-AD2A-955EB2478DD4}.Release|Any CPU.ActiveCfg = Release|Any CPU
		{9A4216B2-9DCC-4C54-AD2A-955EB2478DD4}.Release|Any CPU.Build.0 = Release|Any CPU
		{4E3297DD-2339-49BC-AC33-8C1F3AC776F4}.Debug|Any CPU.ActiveCfg = Debug|Any CPU
		{4E3297DD-2339-49BC-AC33-8C1F3AC776F4}.Debug|Any CPU.Build.0 = Debug|Any CPU
		{4E3297DD-2339-49BC-AC33-8C1F3AC776F4}.Release|Any CPU.ActiveCfg = Release|Any CPU
		{4E3297DD-2339-49BC-AC33-8C1F3AC776F4}.Release|Any CPU.Build.0 = Release|Any CPU
		{CCA8FA73-4D4E-424C-A648-81ED918E4B53}.Debug|Any CPU.ActiveCfg = Debug|Any CPU
		{CCA8FA73-4D4E-424C-A648-81ED918E4B53}.Debug|Any CPU.Build.0 = Debug|Any CPU
		{CCA8FA73-4D4E-424C-A648-81ED918E4B53}.Release|Any CPU.ActiveCfg = Release|Any CPU
		{CCA8FA73-4D4E-424C-A648-81ED918E4B53}.Release|Any CPU.Build.0 = Release|Any CPU
		{71991F71-F0E9-4A90-8AB3-456450B8F2A5}.Debug|Any CPU.ActiveCfg = Debug|Any CPU
		{71991F71-F0E9-4A90-8AB3-456450B8F2A5}.Debug|Any CPU.Build.0 = Debug|Any CPU
		{71991F71-F0E9-4A90-8AB3-456450B8F2A5}.Release|Any CPU.ActiveCfg = Release|Any CPU
		{71991F71-F0E9-4A90-8AB3-456450B8F2A5}.Release|Any CPU.Build.0 = Release|Any CPU
		{80B6098A-0463-40B6-AD2F-F77928082B80}.Debug|Any CPU.ActiveCfg = Debug|Any CPU
		{80B6098A-0463-40B6-AD2F-F77928082B80}.Debug|Any CPU.Build.0 = Debug|Any CPU
		{80B6098A-0463-40B6-AD2F-F77928082B80}.Release|Any CPU.ActiveCfg = Release|Any CPU
		{80B6098A-0463-40B6-AD2F-F77928082B80}.Release|Any CPU.Build.0 = Release|Any CPU
		{0ADF2C99-3AA1-4FC3-91B0-E24E1A1CA635}.Debug|Any CPU.ActiveCfg = Debug|Any CPU
		{0ADF2C99-3AA1-4FC3-91B0-E24E1A1CA635}.Debug|Any CPU.Build.0 = Debug|Any CPU
		{0ADF2C99-3AA1-4FC3-91B0-E24E1A1CA635}.Release|Any CPU.ActiveCfg = Release|Any CPU
		{0ADF2C99-3AA1-4FC3-91B0-E24E1A1CA635}.Release|Any CPU.Build.0 = Release|Any CPU
		{1BE19167-A9AC-4552-904C-EBEDD45DF2E2}.Debug|Any CPU.ActiveCfg = Debug|Any CPU
		{1BE19167-A9AC-4552-904C-EBEDD45DF2E2}.Debug|Any CPU.Build.0 = Debug|Any CPU
		{1BE19167-A9AC-4552-904C-EBEDD45DF2E2}.Release|Any CPU.ActiveCfg = Release|Any CPU
		{1BE19167-A9AC-4552-904C-EBEDD45DF2E2}.Release|Any CPU.Build.0 = Release|Any CPU
	EndGlobalSection
	GlobalSection(SolutionProperties) = preSolution
		HideSolutionNode = FALSE
	EndGlobalSection
	GlobalSection(NestedProjects) = preSolution
		{E777A547-0FEE-4439-A1C2-8E2480DFA445} = {70C40DBA-9947-4D94-9B3F-9551906CD6D5}
		{8708DBEF-3A31-4E9A-A787-C7D6A253108B} = {70C40DBA-9947-4D94-9B3F-9551906CD6D5}
		{CC283E90-25B0-4356-AEE8-90D5477A02B0} = {70C40DBA-9947-4D94-9B3F-9551906CD6D5}
		{7C746833-0EA8-42C2-B45F-116B422D82CE} = {70C40DBA-9947-4D94-9B3F-9551906CD6D5}
		{4507175E-8C96-4910-85BA-E14B64131E3A} = {70C40DBA-9947-4D94-9B3F-9551906CD6D5}
		{30584521-A5F6-4340-A7D3-A39ABE63D847} = {70C40DBA-9947-4D94-9B3F-9551906CD6D5}
		{37B02A0A-4954-4064-946E-88AF6910E199} = {70C40DBA-9947-4D94-9B3F-9551906CD6D5}
		{7AB17CC2-C9C8-46E4-9818-E7573405937A} = {70C40DBA-9947-4D94-9B3F-9551906CD6D5}
		{A4767ED3-4A14-49B9-86DD-F08D4CC05B94} = {70C40DBA-9947-4D94-9B3F-9551906CD6D5}
		{8EBFC73E-8882-43FC-9037-AD82EB04D339} = {70C40DBA-9947-4D94-9B3F-9551906CD6D5}
		{29FD601C-5A5A-4AE1-A37B-CED326F2646B} = {033F6056-B0EA-4E27-B216-06B502FCA586}
		{99D3AFE0-8391-4983-9B77-E130FBFBDBC6} = {033F6056-B0EA-4E27-B216-06B502FCA586}
		{E5576C89-11B0-45F0-9E2A-CA3216824D03} = {033F6056-B0EA-4E27-B216-06B502FCA586}
		{1D3DC6ED-366F-4EAD-BCC8-ED66B85ABAC7} = {033F6056-B0EA-4E27-B216-06B502FCA586}
		{5665D146-28B1-49EF-A606-1738FE132C00} = {033F6056-B0EA-4E27-B216-06B502FCA586}
		{24E3B936-1516-4214-AFE8-CD338764FD79} = {033F6056-B0EA-4E27-B216-06B502FCA586}
		{91E8CCB9-D461-4947-B83D-B805A6C93148} = {033F6056-B0EA-4E27-B216-06B502FCA586}
		{DFCF1DE1-EFD9-480E-9EF5-BE3F78F51CA0} = {033F6056-B0EA-4E27-B216-06B502FCA586}
		{D9C08B06-9FAC-412D-879A-C7B35C959B25} = {033F6056-B0EA-4E27-B216-06B502FCA586}
		{E91127B6-CDBB-4B8F-A070-F2F87662CF5E} = {033F6056-B0EA-4E27-B216-06B502FCA586}
		{B84CA5FB-6CBC-4D61-83E5-246AC6EE4149} = {033F6056-B0EA-4E27-B216-06B502FCA586}
		{0CB1489F-A8D3-45A5-A1CA-CA2CDBBCBE17} = {A8BE9106-3422-43DE-98E6-E63CC4E76555}
		{A7734ABD-FA9F-484B-B825-0D6F30D6F504} = {0CB1489F-A8D3-45A5-A1CA-CA2CDBBCBE17}
		{033F6056-B0EA-4E27-B216-06B502FCA586} = {D25CE460-453C-4A7A-BFBD-FA39DEAFE098}
		{70C40DBA-9947-4D94-9B3F-9551906CD6D5} = {D25CE460-453C-4A7A-BFBD-FA39DEAFE098}
		{BF573242-1AC5-40FC-A3ED-610505615F0E} = {0CB1489F-A8D3-45A5-A1CA-CA2CDBBCBE17}
		{FD9F5EB8-52E9-4EB8-BDEC-26CF4A73F5E3} = {0CB1489F-A8D3-45A5-A1CA-CA2CDBBCBE17}
		{A8FE5EFA-D520-41A6-8914-4945D06E541B} = {0CB1489F-A8D3-45A5-A1CA-CA2CDBBCBE17}
		{CE63CA91-40DC-4DCC-A97E-58B2B6CE3EDF} = {0CB1489F-A8D3-45A5-A1CA-CA2CDBBCBE17}
		{6A8C20CB-F4A1-48D4-8AD6-9677E3E5B91C} = {0CB1489F-A8D3-45A5-A1CA-CA2CDBBCBE17}
		{7816F011-556B-42DE-9019-BE2D782E54AD} = {0CB1489F-A8D3-45A5-A1CA-CA2CDBBCBE17}
		{08107F8C-DD60-4F0A-B7FC-F8C4F4986DF6} = {0CB1489F-A8D3-45A5-A1CA-CA2CDBBCBE17}
		{814E3DA5-7C10-487F-AC42-925499D56CD8} = {0CB1489F-A8D3-45A5-A1CA-CA2CDBBCBE17}
		{C0F8D9CA-780A-4989-BF17-AF49AAEF540E} = {0CB1489F-A8D3-45A5-A1CA-CA2CDBBCBE17}
		{729C9C23-32B3-4BE5-A25C-20D39D8A0B7C} = {0CB1489F-A8D3-45A5-A1CA-CA2CDBBCBE17}
		{3DFC5862-B043-416B-8861-1663F0B0D025} = {0CB1489F-A8D3-45A5-A1CA-CA2CDBBCBE17}
		{26564372-A345-468E-B86D-77EF52C8D548} = {0CB1489F-A8D3-45A5-A1CA-CA2CDBBCBE17}
		{57DA8B72-4627-474A-81C8-E567AEC33A55} = {A8BE9106-3422-43DE-98E6-E63CC4E76555}
		{A8B32E33-C7E8-4AAC-B9F1-F77B3783A471} = {57DA8B72-4627-474A-81C8-E567AEC33A55}
		{83C67D53-E273-4438-A59A-FE8FD9E57F2B} = {57DA8B72-4627-474A-81C8-E567AEC33A55}
		{DEC23EDD-9C46-44B7-B3FA-3D2BC4AD8AC0} = {57DA8B72-4627-474A-81C8-E567AEC33A55}
		{21855756-17A4-423B-B881-986204C93088} = {57DA8B72-4627-474A-81C8-E567AEC33A55}
		{8CB61A5B-9265-4FA0-BD4F-F704D927B4EB} = {57DA8B72-4627-474A-81C8-E567AEC33A55}
		{90363AFB-6EAB-41EA-81C0-3328DFC9466F} = {57DA8B72-4627-474A-81C8-E567AEC33A55}
		{B777019F-F711-44A2-AABC-C905E012CD11} = {D25CE460-453C-4A7A-BFBD-FA39DEAFE098}
		{D4F3FC79-CE5E-4234-A16E-91FF9D34A8B2} = {B777019F-F711-44A2-AABC-C905E012CD11}
		{21EDB0E2-AE43-49EB-B39E-F40439383FB9} = {B777019F-F711-44A2-AABC-C905E012CD11}
		{5F5E1D63-A3EE-4F6A-9772-D2F998831001} = {B777019F-F711-44A2-AABC-C905E012CD11}
		{07DDE0FC-5B14-4E34-8787-E295602DF7F9} = {B777019F-F711-44A2-AABC-C905E012CD11}
		{23339868-38B6-41D9-BC3A-85FA37D27FAA} = {B777019F-F711-44A2-AABC-C905E012CD11}
		{DC5CCDEC-51A6-4E85-A42C-1E54452E2E7E} = {B777019F-F711-44A2-AABC-C905E012CD11}
		{C9DEB59A-424B-4544-BC25-0CDCBBA7DD0F} = {B777019F-F711-44A2-AABC-C905E012CD11}
		{8F92DCD1-1DA6-4BA2-A055-E8B68275B010} = {B777019F-F711-44A2-AABC-C905E012CD11}
		{838D07AC-96AE-46BA-9102-E3BDBAA25AAB} = {B777019F-F711-44A2-AABC-C905E012CD11}
		{36BD68CD-746C-4C5F-8AA9-B9CAD14D8A74} = {B777019F-F711-44A2-AABC-C905E012CD11}
		{B9527B5D-312A-42FB-88D0-C9A310DE3EE9} = {B777019F-F711-44A2-AABC-C905E012CD11}
		{DC32AE8C-A6CF-43E7-AE33-DDEC38C3A6A1} = {B777019F-F711-44A2-AABC-C905E012CD11}
		{C416076C-E127-4B63-8800-B63577A49160} = {B777019F-F711-44A2-AABC-C905E012CD11}
		{1021EA4C-F70A-48C7-A407-F6850959C5DF} = {D25CE460-453C-4A7A-BFBD-FA39DEAFE098}
		{80A91D13-5579-4C3D-B6C8-A7547420C019} = {1021EA4C-F70A-48C7-A407-F6850959C5DF}
		{6DCEF86C-C820-47A4-857A-CECD3F91589C} = {1021EA4C-F70A-48C7-A407-F6850959C5DF}
		{7DC36AB4-7EE9-4AB5-BD32-144E6C76B7BA} = {1021EA4C-F70A-48C7-A407-F6850959C5DF}
		{2242FB0E-C9FC-4CC9-8643-ABA674CC5D47} = {1021EA4C-F70A-48C7-A407-F6850959C5DF}
		{4CFEA77D-9CDF-43B1-84EA-4AF5E4CFF284} = {1021EA4C-F70A-48C7-A407-F6850959C5DF}
		{3786ABC4-9135-4AFC-955A-84D01D4593C9} = {1021EA4C-F70A-48C7-A407-F6850959C5DF}
		{011D7670-DB65-4C7E-B15A-C11836A5608F} = {1021EA4C-F70A-48C7-A407-F6850959C5DF}
		{B5DBE966-0A3F-4C17-A0B7-79CFF2CB41D3} = {1021EA4C-F70A-48C7-A407-F6850959C5DF}
		{9A4216B2-9DCC-4C54-AD2A-955EB2478DD4} = {1021EA4C-F70A-48C7-A407-F6850959C5DF}
		{4E3297DD-2339-49BC-AC33-8C1F3AC776F4} = {1021EA4C-F70A-48C7-A407-F6850959C5DF}
		{CCA8FA73-4D4E-424C-A648-81ED918E4B53} = {1021EA4C-F70A-48C7-A407-F6850959C5DF}
		{71991F71-F0E9-4A90-8AB3-456450B8F2A5} = {1021EA4C-F70A-48C7-A407-F6850959C5DF}
		{80B6098A-0463-40B6-AD2F-F77928082B80} = {1021EA4C-F70A-48C7-A407-F6850959C5DF}
		{0ADF2C99-3AA1-4FC3-91B0-E24E1A1CA635} = {1021EA4C-F70A-48C7-A407-F6850959C5DF}
		{1BE19167-A9AC-4552-904C-EBEDD45DF2E2} = {1021EA4C-F70A-48C7-A407-F6850959C5DF}
	EndGlobalSection
	GlobalSection(ExtensibilityGlobals) = postSolution
		SolutionGuid = {7F17BF7B-E763-41E7-B1F5-2F163D46B487}
	EndGlobalSection
EndGlobal
